
Microsoft Visual Studio Solution File, Format Version 12.00
# Visual Studio Version 17
VisualStudioVersion = 17.6.33829.357
MinimumVisualStudioVersion = 10.0.40219.1
Project("{9A19103F-16F7-4668-BE54-9A1E7A4F7556}") = "PalmVillas", "PalmVillas\PalmVillas.csproj", "{F4813C7B-8F82-42E4-835A-1BA811F10640}"
EndProject
Project("{9A19103F-16F7-4668-BE54-9A1E7A4F7556}") = "PalmVillas.Test", "PalmVillas.Test\PalmVillas.Test.csproj", "{FE7A64AC-0E8B-4152-B5C9-2FDD9818BC2F}"
EndProject
Global
	GlobalSection(SolutionConfigurationPlatforms) = preSolution
		Debug|Any CPU = Debug|Any CPU
		Release|Any CPU = Release|Any CPU
	EndGlobalSection
	GlobalSection(ProjectConfigurationPlatforms) = postSolution
		{F4813C7B-8F82-42E4-835A-1BA811F10640}.Debug|Any CPU.ActiveCfg = Debug|Any CPU
		{F4813C7B-8F82-42E4-835A-1BA811F10640}.Debug|Any CPU.Build.0 = Debug|Any CPU
		{F4813C7B-8F82-42E4-835A-1BA811F10640}.Release|Any CPU.ActiveCfg = Release|Any CPU
		{F4813C7B-8F82-42E4-835A-1BA811F10640}.Release|Any CPU.Build.0 = Release|Any CPU
		{FE7A64AC-0E8B-4152-B5C9-2FDD9818BC2F}.Debug|Any CPU.ActiveCfg = Debug|Any CPU
		{FE7A64AC-0E8B-4152-B5C9-2FDD9818BC2F}.Debug|Any CPU.Build.0 = Debug|Any CPU
		{FE7A64AC-0E8B-4152-B5C9-2FDD9818BC2F}.Release|Any CPU.ActiveCfg = Release|Any CPU
		{FE7A64AC-0E8B-4152-B5C9-2FDD9818BC2F}.Release|Any CPU.Build.0 = Release|Any CPU
	EndGlobalSection
	GlobalSection(SolutionProperties) = preSolution
		HideSolutionNode = FALSE
	EndGlobalSection
	GlobalSection(ExtensibilityGlobals) = postSolution
		SolutionGuid = {FB0214E0-7302-43F4-BF86-8469D21B893A}
	EndGlobalSection
EndGlobal
